
Microsoft Visual Studio Solution File, Format Version 12.00
# Visual Studio Version 16
VisualStudioVersion = 16.0.30204.135
MinimumVisualStudioVersion = 10.0.40219.1
Project("{FAE04EC0-301F-11D3-BF4B-00C04F79EFBC}") = "C샵 실습 001 제네릭", "C샵 실습 001 제네릭\C샵 실습 001 제네릭.csproj", "{2793D126-5BC8-4652-BF29-CECC8E05B7F4}"
EndProject
Global
	GlobalSection(SolutionConfigurationPlatforms) = preSolution
		Debug|Any CPU = Debug|Any CPU
		Release|Any CPU = Release|Any CPU
	EndGlobalSection
	GlobalSection(ProjectConfigurationPlatforms) = postSolution
		{2793D126-5BC8-4652-BF29-CECC8E05B7F4}.Debug|Any CPU.ActiveCfg = Debug|Any CPU
		{2793D126-5BC8-4652-BF29-CECC8E05B7F4}.Debug|Any CPU.Build.0 = Debug|Any CPU
		{2793D126-5BC8-4652-BF29-CECC8E05B7F4}.Release|Any CPU.ActiveCfg = Release|Any CPU
		{2793D126-5BC8-4652-BF29-CECC8E05B7F4}.Release|Any CPU.Build.0 = Release|Any CPU
	EndGlobalSection
	GlobalSection(SolutionProperties) = preSolution
		HideSolutionNode = FALSE
	EndGlobalSection
	GlobalSection(ExtensibilityGlobals) = postSolution
		SolutionGuid = {B9751777-25C2-4489-9A1A-2395F0A0D5B2}
	EndGlobalSection
EndGlobal
